
Microsoft Visual Studio Solution File, Format Version 12.00
Project("{FAE04EC0-301F-11D3-BF4B-00C04F79EFBC}") = "dec1", "dec1\dec1.csproj", "{0C5BD76C-31D4-47BC-BC09-03F992FBEF09}"
EndProject
Project("{FAE04EC0-301F-11D3-BF4B-00C04F79EFBC}") = "dec2", "dec2\dec2.csproj", "{1A95E5B8-6D7F-4190-BBDA-309FA2DE054A}"
EndProject
Project("{FAE04EC0-301F-11D3-BF4B-00C04F79EFBC}") = "dec3", "dec3\dec3.csproj", "{65398C3D-196B-4C8C-9AD4-CA56E7746CFA}"
EndProject
Project("{FAE04EC0-301F-11D3-BF4B-00C04F79EFBC}") = "dec4", "dec4\dec4.csproj", "{A0546B90-DF1C-4ABF-895B-E118CD0396B8}"
EndProject
Project("{FAE04EC0-301F-11D3-BF4B-00C04F79EFBC}") = "dec5", "dec5\dec5.csproj", "{E210F6E4-1801-48BB-B26F-38613DE44AC4}"
EndProject
Project("{FAE04EC0-301F-11D3-BF4B-00C04F79EFBC}") = "dec6", "dec6\dec6.csproj", "{F214521F-B216-4C58-B4B1-D35B92E02499}"
EndProject
Global
	GlobalSection(SolutionConfigurationPlatforms) = preSolution
		Debug|Any CPU = Debug|Any CPU
		Release|Any CPU = Release|Any CPU
	EndGlobalSection
	GlobalSection(ProjectConfigurationPlatforms) = postSolution
		{0C5BD76C-31D4-47BC-BC09-03F992FBEF09}.Debug|Any CPU.ActiveCfg = Debug|Any CPU
		{0C5BD76C-31D4-47BC-BC09-03F992FBEF09}.Debug|Any CPU.Build.0 = Debug|Any CPU
		{0C5BD76C-31D4-47BC-BC09-03F992FBEF09}.Release|Any CPU.ActiveCfg = Release|Any CPU
		{0C5BD76C-31D4-47BC-BC09-03F992FBEF09}.Release|Any CPU.Build.0 = Release|Any CPU
		{1A95E5B8-6D7F-4190-BBDA-309FA2DE054A}.Debug|Any CPU.ActiveCfg = Debug|Any CPU
		{1A95E5B8-6D7F-4190-BBDA-309FA2DE054A}.Debug|Any CPU.Build.0 = Debug|Any CPU
		{1A95E5B8-6D7F-4190-BBDA-309FA2DE054A}.Release|Any CPU.ActiveCfg = Release|Any CPU
		{1A95E5B8-6D7F-4190-BBDA-309FA2DE054A}.Release|Any CPU.Build.0 = Release|Any CPU
		{65398C3D-196B-4C8C-9AD4-CA56E7746CFA}.Debug|Any CPU.ActiveCfg = Debug|Any CPU
		{65398C3D-196B-4C8C-9AD4-CA56E7746CFA}.Debug|Any CPU.Build.0 = Debug|Any CPU
		{65398C3D-196B-4C8C-9AD4-CA56E7746CFA}.Release|Any CPU.ActiveCfg = Release|Any CPU
		{65398C3D-196B-4C8C-9AD4-CA56E7746CFA}.Release|Any CPU.Build.0 = Release|Any CPU
		{A0546B90-DF1C-4ABF-895B-E118CD0396B8}.Debug|Any CPU.ActiveCfg = Debug|Any CPU
		{A0546B90-DF1C-4ABF-895B-E118CD0396B8}.Debug|Any CPU.Build.0 = Debug|Any CPU
		{A0546B90-DF1C-4ABF-895B-E118CD0396B8}.Release|Any CPU.ActiveCfg = Release|Any CPU
		{A0546B90-DF1C-4ABF-895B-E118CD0396B8}.Release|Any CPU.Build.0 = Release|Any CPU
		{E210F6E4-1801-48BB-B26F-38613DE44AC4}.Debug|Any CPU.ActiveCfg = Debug|Any CPU
		{E210F6E4-1801-48BB-B26F-38613DE44AC4}.Debug|Any CPU.Build.0 = Debug|Any CPU
		{E210F6E4-1801-48BB-B26F-38613DE44AC4}.Release|Any CPU.ActiveCfg = Release|Any CPU
		{E210F6E4-1801-48BB-B26F-38613DE44AC4}.Release|Any CPU.Build.0 = Release|Any CPU
		{F214521F-B216-4C58-B4B1-D35B92E02499}.Debug|Any CPU.ActiveCfg = Debug|Any CPU
		{F214521F-B216-4C58-B4B1-D35B92E02499}.Debug|Any CPU.Build.0 = Debug|Any CPU
		{F214521F-B216-4C58-B4B1-D35B92E02499}.Release|Any CPU.ActiveCfg = Release|Any CPU
		{F214521F-B216-4C58-B4B1-D35B92E02499}.Release|Any CPU.Build.0 = Release|Any CPU
	EndGlobalSection
EndGlobal
