
Microsoft Visual Studio Solution File, Format Version 12.00
Project("{FAE04EC0-301F-11D3-BF4B-00C04F79EFBC}") = "dec1", "dec1\dec1.csproj", "{0C5BD76C-31D4-47BC-BC09-03F992FBEF09}"
EndProject
Project("{FAE04EC0-301F-11D3-BF4B-00C04F79EFBC}") = "dec2", "dec2\dec2.csproj", "{1A95E5B8-6D7F-4190-BBDA-309FA2DE054A}"
EndProject
Project("{FAE04EC0-301F-11D3-BF4B-00C04F79EFBC}") = "dec3", "dec3\dec3.csproj", "{65398C3D-196B-4C8C-9AD4-CA56E7746CFA}"
EndProject
Project("{FAE04EC0-301F-11D3-BF4B-00C04F79EFBC}") = "dec4", "dec4\dec4.csproj", "{A0546B90-DF1C-4ABF-895B-E118CD0396B8}"
EndProject
Project("{FAE04EC0-301F-11D3-BF4B-00C04F79EFBC}") = "dec5", "dec5\dec5.csproj", "{E210F6E4-1801-48BB-B26F-38613DE44AC4}"
EndProject
Project("{FAE04EC0-301F-11D3-BF4B-00C04F79EFBC}") = "dec6", "dec6\dec6.csproj", "{F214521F-B216-4C58-B4B1-D35B92E02499}"
EndProject
Project("{FAE04EC0-301F-11D3-BF4B-00C04F79EFBC}") = "dec7", "dec7\dec7.csproj", "{03BB9199-8DC7-4770-8C12-FE2F617B133E}"
EndProject
Project("{FAE04EC0-301F-11D3-BF4B-00C04F79EFBC}") = "dec8", "dec8\dec8.csproj", "{E6B3A8B2-946A-473D-BC5E-37FF707982C0}"
EndProject
Project("{FAE04EC0-301F-11D3-BF4B-00C04F79EFBC}") = "dec9", "dec9\dec9.csproj", "{9D6917E6-A490-4D80-B873-F53788C4DB2E}"
EndProject
Project("{FAE04EC0-301F-11D3-BF4B-00C04F79EFBC}") = "dec10", "dec10\dec10.csproj", "{103EADA8-B6FD-4852-A9A7-D78055264B67}"
EndProject
Project("{FAE04EC0-301F-11D3-BF4B-00C04F79EFBC}") = "dec11", "dec11\dec11.csproj", "{DF702278-5EC5-48E6-B8C6-3D466CB55395}"
EndProject
Project("{FAE04EC0-301F-11D3-BF4B-00C04F79EFBC}") = "dec12", "dec12\dec12.csproj", "{302653BB-6776-412F-AD88-AC7BC2213E57}"
EndProject
Project("{FAE04EC0-301F-11D3-BF4B-00C04F79EFBC}") = "dec13", "dec13\dec13.csproj", "{7724BEDD-60EF-429D-8A39-00EBD140D2DE}"
EndProject
Project("{FAE04EC0-301F-11D3-BF4B-00C04F79EFBC}") = "dec14", "dec14\dec14.csproj", "{10E3CDFA-F059-4FCF-BC1A-35FEB15C42FC}"
EndProject
Global
	GlobalSection(SolutionConfigurationPlatforms) = preSolution
		Debug|Any CPU = Debug|Any CPU
		Release|Any CPU = Release|Any CPU
	EndGlobalSection
	GlobalSection(ProjectConfigurationPlatforms) = postSolution
		{0C5BD76C-31D4-47BC-BC09-03F992FBEF09}.Debug|Any CPU.ActiveCfg = Debug|Any CPU
		{0C5BD76C-31D4-47BC-BC09-03F992FBEF09}.Debug|Any CPU.Build.0 = Debug|Any CPU
		{0C5BD76C-31D4-47BC-BC09-03F992FBEF09}.Release|Any CPU.ActiveCfg = Release|Any CPU
		{0C5BD76C-31D4-47BC-BC09-03F992FBEF09}.Release|Any CPU.Build.0 = Release|Any CPU
		{1A95E5B8-6D7F-4190-BBDA-309FA2DE054A}.Debug|Any CPU.ActiveCfg = Debug|Any CPU
		{1A95E5B8-6D7F-4190-BBDA-309FA2DE054A}.Debug|Any CPU.Build.0 = Debug|Any CPU
		{1A95E5B8-6D7F-4190-BBDA-309FA2DE054A}.Release|Any CPU.ActiveCfg = Release|Any CPU
		{1A95E5B8-6D7F-4190-BBDA-309FA2DE054A}.Release|Any CPU.Build.0 = Release|Any CPU
		{65398C3D-196B-4C8C-9AD4-CA56E7746CFA}.Debug|Any CPU.ActiveCfg = Debug|Any CPU
		{65398C3D-196B-4C8C-9AD4-CA56E7746CFA}.Debug|Any CPU.Build.0 = Debug|Any CPU
		{65398C3D-196B-4C8C-9AD4-CA56E7746CFA}.Release|Any CPU.ActiveCfg = Release|Any CPU
		{65398C3D-196B-4C8C-9AD4-CA56E7746CFA}.Release|Any CPU.Build.0 = Release|Any CPU
		{A0546B90-DF1C-4ABF-895B-E118CD0396B8}.Debug|Any CPU.ActiveCfg = Debug|Any CPU
		{A0546B90-DF1C-4ABF-895B-E118CD0396B8}.Debug|Any CPU.Build.0 = Debug|Any CPU
		{A0546B90-DF1C-4ABF-895B-E118CD0396B8}.Release|Any CPU.ActiveCfg = Release|Any CPU
		{A0546B90-DF1C-4ABF-895B-E118CD0396B8}.Release|Any CPU.Build.0 = Release|Any CPU
		{E210F6E4-1801-48BB-B26F-38613DE44AC4}.Debug|Any CPU.ActiveCfg = Debug|Any CPU
		{E210F6E4-1801-48BB-B26F-38613DE44AC4}.Debug|Any CPU.Build.0 = Debug|Any CPU
		{E210F6E4-1801-48BB-B26F-38613DE44AC4}.Release|Any CPU.ActiveCfg = Release|Any CPU
		{E210F6E4-1801-48BB-B26F-38613DE44AC4}.Release|Any CPU.Build.0 = Release|Any CPU
		{F214521F-B216-4C58-B4B1-D35B92E02499}.Debug|Any CPU.ActiveCfg = Debug|Any CPU
		{F214521F-B216-4C58-B4B1-D35B92E02499}.Debug|Any CPU.Build.0 = Debug|Any CPU
		{F214521F-B216-4C58-B4B1-D35B92E02499}.Release|Any CPU.ActiveCfg = Release|Any CPU
		{F214521F-B216-4C58-B4B1-D35B92E02499}.Release|Any CPU.Build.0 = Release|Any CPU
		{03BB9199-8DC7-4770-8C12-FE2F617B133E}.Debug|Any CPU.ActiveCfg = Debug|Any CPU
		{03BB9199-8DC7-4770-8C12-FE2F617B133E}.Debug|Any CPU.Build.0 = Debug|Any CPU
		{03BB9199-8DC7-4770-8C12-FE2F617B133E}.Release|Any CPU.ActiveCfg = Release|Any CPU
		{03BB9199-8DC7-4770-8C12-FE2F617B133E}.Release|Any CPU.Build.0 = Release|Any CPU
		{E6B3A8B2-946A-473D-BC5E-37FF707982C0}.Debug|Any CPU.ActiveCfg = Debug|Any CPU
		{E6B3A8B2-946A-473D-BC5E-37FF707982C0}.Debug|Any CPU.Build.0 = Debug|Any CPU
		{E6B3A8B2-946A-473D-BC5E-37FF707982C0}.Release|Any CPU.ActiveCfg = Release|Any CPU
		{E6B3A8B2-946A-473D-BC5E-37FF707982C0}.Release|Any CPU.Build.0 = Release|Any CPU
		{9D6917E6-A490-4D80-B873-F53788C4DB2E}.Debug|Any CPU.ActiveCfg = Debug|Any CPU
		{9D6917E6-A490-4D80-B873-F53788C4DB2E}.Debug|Any CPU.Build.0 = Debug|Any CPU
		{9D6917E6-A490-4D80-B873-F53788C4DB2E}.Release|Any CPU.ActiveCfg = Release|Any CPU
		{9D6917E6-A490-4D80-B873-F53788C4DB2E}.Release|Any CPU.Build.0 = Release|Any CPU
		{103EADA8-B6FD-4852-A9A7-D78055264B67}.Debug|Any CPU.ActiveCfg = Debug|Any CPU
		{103EADA8-B6FD-4852-A9A7-D78055264B67}.Debug|Any CPU.Build.0 = Debug|Any CPU
		{103EADA8-B6FD-4852-A9A7-D78055264B67}.Release|Any CPU.ActiveCfg = Release|Any CPU
		{103EADA8-B6FD-4852-A9A7-D78055264B67}.Release|Any CPU.Build.0 = Release|Any CPU
		{DF702278-5EC5-48E6-B8C6-3D466CB55395}.Debug|Any CPU.ActiveCfg = Debug|Any CPU
		{DF702278-5EC5-48E6-B8C6-3D466CB55395}.Debug|Any CPU.Build.0 = Debug|Any CPU
		{DF702278-5EC5-48E6-B8C6-3D466CB55395}.Release|Any CPU.ActiveCfg = Release|Any CPU
		{DF702278-5EC5-48E6-B8C6-3D466CB55395}.Release|Any CPU.Build.0 = Release|Any CPU
		{302653BB-6776-412F-AD88-AC7BC2213E57}.Debug|Any CPU.ActiveCfg = Debug|Any CPU
		{302653BB-6776-412F-AD88-AC7BC2213E57}.Debug|Any CPU.Build.0 = Debug|Any CPU
		{302653BB-6776-412F-AD88-AC7BC2213E57}.Release|Any CPU.ActiveCfg = Release|Any CPU
		{302653BB-6776-412F-AD88-AC7BC2213E57}.Release|Any CPU.Build.0 = Release|Any CPU
		{7724BEDD-60EF-429D-8A39-00EBD140D2DE}.Debug|Any CPU.ActiveCfg = Debug|Any CPU
		{7724BEDD-60EF-429D-8A39-00EBD140D2DE}.Debug|Any CPU.Build.0 = Debug|Any CPU
		{7724BEDD-60EF-429D-8A39-00EBD140D2DE}.Release|Any CPU.ActiveCfg = Release|Any CPU
		{7724BEDD-60EF-429D-8A39-00EBD140D2DE}.Release|Any CPU.Build.0 = Release|Any CPU
		{10E3CDFA-F059-4FCF-BC1A-35FEB15C42FC}.Debug|Any CPU.ActiveCfg = Debug|Any CPU
		{10E3CDFA-F059-4FCF-BC1A-35FEB15C42FC}.Debug|Any CPU.Build.0 = Debug|Any CPU
		{10E3CDFA-F059-4FCF-BC1A-35FEB15C42FC}.Release|Any CPU.ActiveCfg = Release|Any CPU
		{10E3CDFA-F059-4FCF-BC1A-35FEB15C42FC}.Release|Any CPU.Build.0 = Release|Any CPU
	EndGlobalSection
EndGlobal
